
Microsoft Visual Studio Solution File, Format Version 12.00
# Visual Studio Version 16
VisualStudioVersion = 16.0.30011.22
MinimumVisualStudioVersion = 10.0.40219.1
Project("{FAE04EC0-301F-11D3-BF4B-00C04F79EFBC}") = "CursoMVC", "CursoMVC\CursoMVC.csproj", "{6E9F7AD3-71B9-4127-BB61-1865B223EFC6}"
EndProject
Global
	GlobalSection(SolutionConfigurationPlatforms) = preSolution
		Debug|Any CPU = Debug|Any CPU
		Release|Any CPU = Release|Any CPU
	EndGlobalSection
	GlobalSection(ProjectConfigurationPlatforms) = postSolution
		{6E9F7AD3-71B9-4127-BB61-1865B223EFC6}.Debug|Any CPU.ActiveCfg = Debug|Any CPU
		{6E9F7AD3-71B9-4127-BB61-1865B223EFC6}.Debug|Any CPU.Build.0 = Debug|Any CPU
		{6E9F7AD3-71B9-4127-BB61-1865B223EFC6}.Release|Any CPU.ActiveCfg = Release|Any CPU
		{6E9F7AD3-71B9-4127-BB61-1865B223EFC6}.Release|Any CPU.Build.0 = Release|Any CPU
	EndGlobalSection
	GlobalSection(SolutionProperties) = preSolution
		HideSolutionNode = FALSE
	EndGlobalSection
	GlobalSection(ExtensibilityGlobals) = postSolution
		SolutionGuid = {2634C645-4B3E-4CE6-980D-8984525FB6CF}
	EndGlobalSection
EndGlobal
